
Microsoft Visual Studio Solution File, Format Version 11.00
# Visual C++ Express 2010
Project("{8BC9CEB8-8B4A-11D0-8D11-00A0C91BC942}") = "Server", "Server\Server.vcxproj", "{E1FF39E5-5CDC-48BF-ACC3-14B7BED41B40}"
EndProject
Global
	GlobalSection(SolutionConfigurationPlatforms) = preSolution
		Debug|Win32 = Debug|Win32
		Release|Win32 = Release|Win32
	EndGlobalSection
	GlobalSection(ProjectConfigurationPlatforms) = postSolution
		{E1FF39E5-5CDC-48BF-ACC3-14B7BED41B40}.Debug|Win32.ActiveCfg = Debug|Win32
		{E1FF39E5-5CDC-48BF-ACC3-14B7BED41B40}.Debug|Win32.Build.0 = Debug|Win32
		{E1FF39E5-5CDC-48BF-ACC3-14B7BED41B40}.Release|Win32.ActiveCfg = Release|Win32
		{E1FF39E5-5CDC-48BF-ACC3-14B7BED41B40}.Release|Win32.Build.0 = Release|Win32
	EndGlobalSection
	GlobalSection(SolutionProperties) = preSolution
		HideSolutionNode = FALSE
	EndGlobalSection
EndGlobal
